
Microsoft Visual Studio Solution File, Format Version 12.00
# Visual Studio Version 17
VisualStudioVersion = 17.5.33414.496
MinimumVisualStudioVersion = 10.0.40219.1
Project("{FAE04EC0-301F-11D3-BF4B-00C04F79EFBC}") = "EJERCICIO_CheckBox", "EJERCICIO_CheckBox.csproj", "{AEB80CE3-4E2A-4DA5-8208-FA0D06AB6B7F}"
EndProject
Global
	GlobalSection(SolutionConfigurationPlatforms) = preSolution
		Debug|Any CPU = Debug|Any CPU
		Release|Any CPU = Release|Any CPU
	EndGlobalSection
	GlobalSection(ProjectConfigurationPlatforms) = postSolution
		{AEB80CE3-4E2A-4DA5-8208-FA0D06AB6B7F}.Debug|Any CPU.ActiveCfg = Debug|Any CPU
		{AEB80CE3-4E2A-4DA5-8208-FA0D06AB6B7F}.Debug|Any CPU.Build.0 = Debug|Any CPU
		{AEB80CE3-4E2A-4DA5-8208-FA0D06AB6B7F}.Release|Any CPU.ActiveCfg = Release|Any CPU
		{AEB80CE3-4E2A-4DA5-8208-FA0D06AB6B7F}.Release|Any CPU.Build.0 = Release|Any CPU
	EndGlobalSection
	GlobalSection(SolutionProperties) = preSolution
		HideSolutionNode = FALSE
	EndGlobalSection
	GlobalSection(ExtensibilityGlobals) = postSolution
		SolutionGuid = {B6976009-F6DF-4277-96EE-6FBFBE1BA23C}
	EndGlobalSection
EndGlobal
