
Microsoft Visual Studio Solution File, Format Version 12.00
# Visual Studio Version 17
VisualStudioVersion = 17.5.33414.496
MinimumVisualStudioVersion = 10.0.40219.1
Project("{FAE04EC0-301F-11D3-BF4B-00C04F79EFBC}") = "EJERCICIO_JFGR", "EJERCICIO_JFGR.csproj", "{CF52C620-08AC-4C95-824C-B95644287575}"
EndProject
Global
	GlobalSection(SolutionConfigurationPlatforms) = preSolution
		Debug|Any CPU = Debug|Any CPU
		Release|Any CPU = Release|Any CPU
	EndGlobalSection
	GlobalSection(ProjectConfigurationPlatforms) = postSolution
		{CF52C620-08AC-4C95-824C-B95644287575}.Debug|Any CPU.ActiveCfg = Debug|Any CPU
		{CF52C620-08AC-4C95-824C-B95644287575}.Debug|Any CPU.Build.0 = Debug|Any CPU
		{CF52C620-08AC-4C95-824C-B95644287575}.Release|Any CPU.ActiveCfg = Release|Any CPU
		{CF52C620-08AC-4C95-824C-B95644287575}.Release|Any CPU.Build.0 = Release|Any CPU
	EndGlobalSection
	GlobalSection(SolutionProperties) = preSolution
		HideSolutionNode = FALSE
	EndGlobalSection
	GlobalSection(ExtensibilityGlobals) = postSolution
		SolutionGuid = {EA614F66-4618-4E34-9765-AC93EDFFC576}
	EndGlobalSection
EndGlobal
