
Microsoft Visual Studio Solution File, Format Version 12.00
# Visual Studio Version 17
VisualStudioVersion = 17.5.33414.496
MinimumVisualStudioVersion = 10.0.40219.1
Project("{FAE04EC0-301F-11D3-BF4B-00C04F79EFBC}") = "EJERCICIO_JFGR", "EJERCICIO_JFGR.csproj", "{08DE340A-BD62-4AC6-8443-289F986D896B}"
EndProject
Global
	GlobalSection(SolutionConfigurationPlatforms) = preSolution
		Debug|Any CPU = Debug|Any CPU
		Release|Any CPU = Release|Any CPU
	EndGlobalSection
	GlobalSection(ProjectConfigurationPlatforms) = postSolution
		{08DE340A-BD62-4AC6-8443-289F986D896B}.Debug|Any CPU.ActiveCfg = Debug|Any CPU
		{08DE340A-BD62-4AC6-8443-289F986D896B}.Debug|Any CPU.Build.0 = Debug|Any CPU
		{08DE340A-BD62-4AC6-8443-289F986D896B}.Release|Any CPU.ActiveCfg = Release|Any CPU
		{08DE340A-BD62-4AC6-8443-289F986D896B}.Release|Any CPU.Build.0 = Release|Any CPU
	EndGlobalSection
	GlobalSection(SolutionProperties) = preSolution
		HideSolutionNode = FALSE
	EndGlobalSection
	GlobalSection(ExtensibilityGlobals) = postSolution
		SolutionGuid = {65E79465-EC61-4D92-B96B-9963FF0009CD}
	EndGlobalSection
EndGlobal
