
Microsoft Visual Studio Solution File, Format Version 12.00
# Visual Studio Version 16
VisualStudioVersion = 16.0.32126.315
MinimumVisualStudioVersion = 10.0.40219.1
Project("{FAE04EC0-301F-11D3-BF4B-00C04F79EFBC}") = "EJERCICIO_JFGR", "EJERCICIO_JFGR\EJERCICIO_JFGR.csproj", "{81CCEDC4-20A8-4215-8A38-B6ED2ADC4F08}"
EndProject
Global
	GlobalSection(SolutionConfigurationPlatforms) = preSolution
		Debug|Any CPU = Debug|Any CPU
		Release|Any CPU = Release|Any CPU
	EndGlobalSection
	GlobalSection(ProjectConfigurationPlatforms) = postSolution
		{81CCEDC4-20A8-4215-8A38-B6ED2ADC4F08}.Debug|Any CPU.ActiveCfg = Debug|Any CPU
		{81CCEDC4-20A8-4215-8A38-B6ED2ADC4F08}.Debug|Any CPU.Build.0 = Debug|Any CPU
		{81CCEDC4-20A8-4215-8A38-B6ED2ADC4F08}.Release|Any CPU.ActiveCfg = Release|Any CPU
		{81CCEDC4-20A8-4215-8A38-B6ED2ADC4F08}.Release|Any CPU.Build.0 = Release|Any CPU
	EndGlobalSection
	GlobalSection(SolutionProperties) = preSolution
		HideSolutionNode = FALSE
	EndGlobalSection
	GlobalSection(ExtensibilityGlobals) = postSolution
		SolutionGuid = {D955A7FD-83C5-4D14-8D4E-FB5246BD6A55}
	EndGlobalSection
EndGlobal
