
Microsoft Visual Studio Solution File, Format Version 12.00
# Visual Studio Version 17
VisualStudioVersion = 17.5.33414.496
MinimumVisualStudioVersion = 10.0.40219.1
Project("{FAE04EC0-301F-11D3-BF4B-00C04F79EFBC}") = "EJERCICIO_Fomrs", "EJERCICIO_Fomrs.csproj", "{7CB0C5F2-10A0-4E79-9EA5-BC7AE600A88F}"
EndProject
Global
	GlobalSection(SolutionConfigurationPlatforms) = preSolution
		Debug|Any CPU = Debug|Any CPU
		Release|Any CPU = Release|Any CPU
	EndGlobalSection
	GlobalSection(ProjectConfigurationPlatforms) = postSolution
		{7CB0C5F2-10A0-4E79-9EA5-BC7AE600A88F}.Debug|Any CPU.ActiveCfg = Debug|Any CPU
		{7CB0C5F2-10A0-4E79-9EA5-BC7AE600A88F}.Debug|Any CPU.Build.0 = Debug|Any CPU
		{7CB0C5F2-10A0-4E79-9EA5-BC7AE600A88F}.Release|Any CPU.ActiveCfg = Release|Any CPU
		{7CB0C5F2-10A0-4E79-9EA5-BC7AE600A88F}.Release|Any CPU.Build.0 = Release|Any CPU
	EndGlobalSection
	GlobalSection(SolutionProperties) = preSolution
		HideSolutionNode = FALSE
	EndGlobalSection
	GlobalSection(ExtensibilityGlobals) = postSolution
		SolutionGuid = {A53EE0E9-4359-4761-A9DA-910B51B9FADA}
	EndGlobalSection
EndGlobal
