
Microsoft Visual Studio Solution File, Format Version 12.00
# Visual Studio Version 17
VisualStudioVersion = 17.5.33414.496
MinimumVisualStudioVersion = 10.0.40219.1
Project("{FAE04EC0-301F-11D3-BF4B-00C04F79EFBC}") = "EJUERCICIO_JFGR", "EJUERCICIO_JFGR.csproj", "{CC01C422-04FE-4A64-A0A8-D0890BD70F9C}"
EndProject
Global
	GlobalSection(SolutionConfigurationPlatforms) = preSolution
		Debug|Any CPU = Debug|Any CPU
		Release|Any CPU = Release|Any CPU
	EndGlobalSection
	GlobalSection(ProjectConfigurationPlatforms) = postSolution
		{CC01C422-04FE-4A64-A0A8-D0890BD70F9C}.Debug|Any CPU.ActiveCfg = Debug|Any CPU
		{CC01C422-04FE-4A64-A0A8-D0890BD70F9C}.Debug|Any CPU.Build.0 = Debug|Any CPU
		{CC01C422-04FE-4A64-A0A8-D0890BD70F9C}.Release|Any CPU.ActiveCfg = Release|Any CPU
		{CC01C422-04FE-4A64-A0A8-D0890BD70F9C}.Release|Any CPU.Build.0 = Release|Any CPU
	EndGlobalSection
	GlobalSection(SolutionProperties) = preSolution
		HideSolutionNode = FALSE
	EndGlobalSection
	GlobalSection(ExtensibilityGlobals) = postSolution
		SolutionGuid = {D7532860-53FF-44FE-A1B8-3E70B25641D8}
	EndGlobalSection
EndGlobal
