
Microsoft Visual Studio Solution File, Format Version 12.00
# Visual Studio Version 17
VisualStudioVersion = 17.5.33414.496
MinimumVisualStudioVersion = 10.0.40219.1
Project("{FAE04EC0-301F-11D3-BF4B-00C04F79EFBC}") = "EJERCICIO_ArchivosTxt", "EJERCICIO_ArchivosTxt.csproj", "{0242F724-92E3-48CB-8CD9-5027DE10408A}"
EndProject
Global
	GlobalSection(SolutionConfigurationPlatforms) = preSolution
		Debug|Any CPU = Debug|Any CPU
		Release|Any CPU = Release|Any CPU
	EndGlobalSection
	GlobalSection(ProjectConfigurationPlatforms) = postSolution
		{0242F724-92E3-48CB-8CD9-5027DE10408A}.Debug|Any CPU.ActiveCfg = Debug|Any CPU
		{0242F724-92E3-48CB-8CD9-5027DE10408A}.Debug|Any CPU.Build.0 = Debug|Any CPU
		{0242F724-92E3-48CB-8CD9-5027DE10408A}.Release|Any CPU.ActiveCfg = Release|Any CPU
		{0242F724-92E3-48CB-8CD9-5027DE10408A}.Release|Any CPU.Build.0 = Release|Any CPU
	EndGlobalSection
	GlobalSection(SolutionProperties) = preSolution
		HideSolutionNode = FALSE
	EndGlobalSection
	GlobalSection(ExtensibilityGlobals) = postSolution
		SolutionGuid = {9EE31C45-801C-4328-8642-275CB8C115D1}
	EndGlobalSection
EndGlobal
