
Microsoft Visual Studio Solution File, Format Version 12.00
# Visual Studio Version 17
VisualStudioVersion = 17.0.32126.317
MinimumVisualStudioVersion = 10.0.40219.1
Project("{FAE04EC0-301F-11D3-BF4B-00C04F79EFBC}") = "ClasePersona", "ClasePersona\ClasePersona.csproj", "{9C5210C4-9652-43D9-9BA9-D946FC681BCE}"
EndProject
Global
	GlobalSection(SolutionConfigurationPlatforms) = preSolution
		Debug|Any CPU = Debug|Any CPU
		Release|Any CPU = Release|Any CPU
	EndGlobalSection
	GlobalSection(ProjectConfigurationPlatforms) = postSolution
		{9C5210C4-9652-43D9-9BA9-D946FC681BCE}.Debug|Any CPU.ActiveCfg = Debug|Any CPU
		{9C5210C4-9652-43D9-9BA9-D946FC681BCE}.Debug|Any CPU.Build.0 = Debug|Any CPU
		{9C5210C4-9652-43D9-9BA9-D946FC681BCE}.Release|Any CPU.ActiveCfg = Release|Any CPU
		{9C5210C4-9652-43D9-9BA9-D946FC681BCE}.Release|Any CPU.Build.0 = Release|Any CPU
	EndGlobalSection
	GlobalSection(SolutionProperties) = preSolution
		HideSolutionNode = FALSE
	EndGlobalSection
	GlobalSection(ExtensibilityGlobals) = postSolution
		SolutionGuid = {5244E4A8-F7D8-4214-949C-66AC82D041BB}
	EndGlobalSection
EndGlobal
