
Microsoft Visual Studio Solution File, Format Version 12.00
# Visual Studio Version 17
VisualStudioVersion = 17.0.32126.317
MinimumVisualStudioVersion = 10.0.40219.1
Project("{FAE04EC0-301F-11D3-BF4B-00C04F79EFBC}") = "OrdenLlamadaConstructores", "OrdenLlamadaConstructores\OrdenLlamadaConstructores.csproj", "{C8EECD52-D8CE-4DAB-8325-73D2DF950819}"
EndProject
Global
	GlobalSection(SolutionConfigurationPlatforms) = preSolution
		Debug|Any CPU = Debug|Any CPU
		Release|Any CPU = Release|Any CPU
	EndGlobalSection
	GlobalSection(ProjectConfigurationPlatforms) = postSolution
		{C8EECD52-D8CE-4DAB-8325-73D2DF950819}.Debug|Any CPU.ActiveCfg = Debug|Any CPU
		{C8EECD52-D8CE-4DAB-8325-73D2DF950819}.Debug|Any CPU.Build.0 = Debug|Any CPU
		{C8EECD52-D8CE-4DAB-8325-73D2DF950819}.Release|Any CPU.ActiveCfg = Release|Any CPU
		{C8EECD52-D8CE-4DAB-8325-73D2DF950819}.Release|Any CPU.Build.0 = Release|Any CPU
	EndGlobalSection
	GlobalSection(SolutionProperties) = preSolution
		HideSolutionNode = FALSE
	EndGlobalSection
	GlobalSection(ExtensibilityGlobals) = postSolution
		SolutionGuid = {84187924-1377-405C-A79A-C3A2566BBFB4}
	EndGlobalSection
EndGlobal
